{
  "requires": true,
  "lockfileVersion": 1,
  "dependencies": {
    "omega_num.js": {
      "version": "0.5.6",
      "resolved": "https://registry.npmjs.org/omega_num.js/-/omega_num.js-0.5.6.tgz",
      "integrity": "sha512-C0tZ0jpf27yRHivjfndQMvPy/XEA2JxPZ0/DrbiZOoRUmV2KXgsgJJX2sDdpI8yR/uJ+QpO5Lch3KlI6qFVyBg=="
    }
  }
}
